// !$*UTF8*$!
{
	archiveVersion = 1;
	classes = {
	};
	objectVersion = 56;
	objects = {

/* Begin PBXBuildFile section */
		653A71272C7A04850077A6C3 /* CalculatorButtonView.swift in Sources */ = {isa = PBXBuildFile; fileRef = 653A71262C7A04850077A6C3 /* CalculatorButtonView.swift */; };
		65C6577D2C7969C100E0EEFA /* AppDelegate.swift in Sources */ = {isa = PBXBuildFile; fileRef = 65C6577C2C7969C100E0EEFA /* AppDelegate.swift */; };
		65C6577F2C7969C100E0EEFA /* SceneDelegate.swift in Sources */ = {isa = PBXBuildFile; fileRef = 65C6577E2C7969C100E0EEFA /* SceneDelegate.swift */; };
		65C657862C7969C200E0EEFA /* Assets.xcassets in Resources */ = {isa = PBXBuildFile; fileRef = 65C657852C7969C200E0EEFA /* Assets.xcassets */; };
		65C657892C7969C200E0EEFA /* Base in Resources */ = {isa = PBXBuildFile; fileRef = 65C657882C7969C200E0EEFA /* Base */; };
		65C657942C7969C200E0EEFA /* CalculatorTests.swift in Sources */ = {isa = PBXBuildFile; fileRef = 65C657932C7969C200E0EEFA /* CalculatorTests.swift */; };
		65C6579E2C7969C200E0EEFA /* CalculatorUITests.swift in Sources */ = {isa = PBXBuildFile; fileRef = 65C6579D2C7969C200E0EEFA /* CalculatorUITests.swift */; };
		65C657A02C7969C200E0EEFA /* CalculatorUITestsLaunchTests.swift in Sources */ = {isa = PBXBuildFile; fileRef = 65C6579F2C7969C200E0EEFA /* CalculatorUITestsLaunchTests.swift */; };
		65C657B12C796F5900E0EEFA /* CalculatorViewController.swift in Sources */ = {isa = PBXBuildFile; fileRef = 65C657B02C796F5900E0EEFA /* CalculatorViewController.swift */; };
		65C657B42C7973CD00E0EEFA /* CalculatorView.swift in Sources */ = {isa = PBXBuildFile; fileRef = 65C657B32C7973CD00E0EEFA /* CalculatorView.swift */; };
/* End PBXBuildFile section */

/* Begin PBXContainerItemProxy section */
		65C657902C7969C200E0EEFA /* PBXContainerItemProxy */ = {
			isa = PBXContainerItemProxy;
			containerPortal = 65C657712C7969C100E0EEFA /* Project object */;
			proxyType = 1;
			remoteGlobalIDString = 65C657782C7969C100E0EEFA;
			remoteInfo = Calculator;
		};
		65C6579A2C7969C200E0EEFA /* PBXContainerItemProxy */ = {
			isa = PBXContainerItemProxy;
			containerPortal = 65C657712C7969C100E0EEFA /* Project object */;
			proxyType = 1;
			remoteGlobalIDString = 65C657782C7969C100E0EEFA;
			remoteInfo = Calculator;
		};
/* End PBXContainerItemProxy section */

/* Begin PBXFileReference section */
		653A71262C7A04850077A6C3 /* CalculatorButtonView.swift */ = {isa = PBXFileReference; lastKnownFileType = sourcecode.swift; path = CalculatorButtonView.swift; sourceTree = "<group>"; };
		65C657792C7969C100E0EEFA /* Calculator.app */ = {isa = PBXFileReference; explicitFileType = wrapper.application; includeInIndex = 0; path = Calculator.app; sourceTree = BUILT_PRODUCTS_DIR; };
		65C6577C2C7969C100E0EEFA /* AppDelegate.swift */ = {isa = PBXFileReference; lastKnownFileType = sourcecode.swift; path = AppDelegate.swift; sourceTree = "<group>"; };
		65C6577E2C7969C100E0EEFA /* SceneDelegate.swift */ = {isa = PBXFileReference; lastKnownFileType = sourcecode.swift; path = SceneDelegate.swift; sourceTree = "<group>"; };
		65C657852C7969C200E0EEFA /* Assets.xcassets */ = {isa = PBXFileReference; lastKnownFileType = folder.assetcatalog; path = Assets.xcassets; sourceTree = "<group>"; };
		65C657882C7969C200E0EEFA /* Base */ = {isa = PBXFileReference; lastKnownFileType = file.storyboard; name = Base; path = Base.lproj/LaunchScreen.storyboard; sourceTree = "<group>"; };
		65C6578A2C7969C200E0EEFA /* Info.plist */ = {isa = PBXFileReference; lastKnownFileType = text.plist.xml; path = Info.plist; sourceTree = "<group>"; };
		65C6578F2C7969C200E0EEFA /* CalculatorTests.xctest */ = {isa = PBXFileReference; explicitFileType = wrapper.cfbundle; includeInIndex = 0; path = CalculatorTests.xctest; sourceTree = BUILT_PRODUCTS_DIR; };
		65C657932C7969C200E0EEFA /* CalculatorTests.swift */ = {isa = PBXFileReference; lastKnownFileType = sourcecode.swift; path = CalculatorTests.swift; sourceTree = "<group>"; };
		65C657992C7969C200E0EEFA /* CalculatorUITests.xctest */ = {isa = PBXFileReference; explicitFileType = wrapper.cfbundle; includeInIndex = 0; path = CalculatorUITests.xctest; sourceTree = BUILT_PRODUCTS_DIR; };
		65C6579D2C7969C200E0EEFA /* CalculatorUITests.swift */ = {isa = PBXFileReference; lastKnownFileType = sourcecode.swift; path = CalculatorUITests.swift; sourceTree = "<group>"; };
		65C6579F2C7969C200E0EEFA /* CalculatorUITestsLaunchTests.swift */ = {isa = PBXFileReference; lastKnownFileType = sourcecode.swift; path = CalculatorUITestsLaunchTests.swift; sourceTree = "<group>"; };
		65C657B02C796F5900E0EEFA /* CalculatorViewController.swift */ = {isa = PBXFileReference; lastKnownFileType = sourcecode.swift; path = CalculatorViewController.swift; sourceTree = "<group>"; };
		65C657B32C7973CD00E0EEFA /* CalculatorView.swift */ = {isa = PBXFileReference; lastKnownFileType = sourcecode.swift; path = CalculatorView.swift; sourceTree = "<group>"; };
/* End PBXFileReference section */

/* Begin PBXFrameworksBuildPhase section */
		65C657762C7969C100E0EEFA /* Frameworks */ = {
			isa = PBXFrameworksBuildPhase;
			buildActionMask = 2147483647;
			files = (
			);
			runOnlyForDeploymentPostprocessing = 0;
		};
		65C6578C2C7969C200E0EEFA /* Frameworks */ = {
			isa = PBXFrameworksBuildPhase;
			buildActionMask = 2147483647;
			files = (
			);
			runOnlyForDeploymentPostprocessing = 0;
		};
		65C657962C7969C200E0EEFA /* Frameworks */ = {
			isa = PBXFrameworksBuildPhase;
			buildActionMask = 2147483647;
			files = (
			);
			runOnlyForDeploymentPostprocessing = 0;
		};
/* End PBXFrameworksBuildPhase section */

/* Begin PBXGroup section */
		653A71282C7A07770077A6C3 /* Core */ = {
			isa = PBXGroup;
			children = (
			);
			path = Core;
			sourceTree = "<group>";
		};
		65C657702C7969C100E0EEFA = {
			isa = PBXGroup;
			children = (
				65C6577B2C7969C100E0EEFA /* Calculator */,
				65C657922C7969C200E0EEFA /* CalculatorTests */,
				65C6579C2C7969C200E0EEFA /* CalculatorUITests */,
				65C6577A2C7969C100E0EEFA /* Products */,
			);
			sourceTree = "<group>";
		};
		65C6577A2C7969C100E0EEFA /* Products */ = {
			isa = PBXGroup;
			children = (
				65C657792C7969C100E0EEFA /* Calculator.app */,
				65C6578F2C7969C200E0EEFA /* CalculatorTests.xctest */,
				65C657992C7969C200E0EEFA /* CalculatorUITests.xctest */,
			);
			name = Products;
			sourceTree = "<group>";
		};
		65C6577B2C7969C100E0EEFA /* Calculator */ = {
			isa = PBXGroup;
			children = (
				65C657AC2C796ED100E0EEFA /* Application */,
				65C657AE2C796F1300E0EEFA /* Features */,
				65C657AD2C796EE500E0EEFA /* Resources */,
				65C6578A2C7969C200E0EEFA /* Info.plist */,
			);
			path = Calculator;
			sourceTree = "<group>";
		};
		65C657922C7969C200E0EEFA /* CalculatorTests */ = {
			isa = PBXGroup;
			children = (
				65C657932C7969C200E0EEFA /* CalculatorTests.swift */,
			);
			path = CalculatorTests;
			sourceTree = "<group>";
		};
		65C6579C2C7969C200E0EEFA /* CalculatorUITests */ = {
			isa = PBXGroup;
			children = (
				65C6579D2C7969C200E0EEFA /* CalculatorUITests.swift */,
				65C6579F2C7969C200E0EEFA /* CalculatorUITestsLaunchTests.swift */,
			);
			path = CalculatorUITests;
			sourceTree = "<group>";
		};
		65C657AC2C796ED100E0EEFA /* Application */ = {
			isa = PBXGroup;
			children = (
				65C6577C2C7969C100E0EEFA /* AppDelegate.swift */,
				65C6577E2C7969C100E0EEFA /* SceneDelegate.swift */,
				65C657872C7969C200E0EEFA /* LaunchScreen.storyboard */,
			);
			path = Application;
			sourceTree = "<group>";
		};
		65C657AD2C796EE500E0EEFA /* Resources */ = {
			isa = PBXGroup;
			children = (
				653A71282C7A07770077A6C3 /* Core */,
				65C657852C7969C200E0EEFA /* Assets.xcassets */,
			);
			path = Resources;
			sourceTree = "<group>";
		};
		65C657AE2C796F1300E0EEFA /* Features */ = {
			isa = PBXGroup;
			children = (
				65C657AF2C796F2900E0EEFA /* Calculator */,
			);
			path = Features;
			sourceTree = "<group>";
		};
		65C657AF2C796F2900E0EEFA /* Calculator */ = {
			isa = PBXGroup;
			children = (
				65C657B22C7973BE00E0EEFA /* View */,
				65C657B02C796F5900E0EEFA /* CalculatorViewController.swift */,
			);
			path = Calculator;
			sourceTree = "<group>";
		};
		65C657B22C7973BE00E0EEFA /* View */ = {
			isa = PBXGroup;
			children = (
				65C657B32C7973CD00E0EEFA /* CalculatorView.swift */,
				653A71262C7A04850077A6C3 /* CalculatorButtonView.swift */,
			);
			path = View;
			sourceTree = "<group>";
		};
/* End PBXGroup section */

/* Begin PBXNativeTarget section */
		65C657782C7969C100E0EEFA /* Calculator */ = {
			isa = PBXNativeTarget;
			buildConfigurationList = 65C657A32C7969C200E0EEFA /* Build configuration list for PBXNativeTarget "Calculator" */;
			buildPhases = (
				65C657752C7969C100E0EEFA /* Sources */,
				65C657762C7969C100E0EEFA /* Frameworks */,
				65C657772C7969C100E0EEFA /* Resources */,
			);
			buildRules = (
			);
			dependencies = (
			);
			name = Calculator;
			productName = Calculator;
			productReference = 65C657792C7969C100E0EEFA /* Calculator.app */;
			productType = "com.apple.product-type.application";
		};
		65C6578E2C7969C200E0EEFA /* CalculatorTests */ = {
			isa = PBXNativeTarget;
			buildConfigurationList = 65C657A62C7969C200E0EEFA /* Build configuration list for PBXNativeTarget "CalculatorTests" */;
			buildPhases = (
				65C6578B2C7969C200E0EEFA /* Sources */,
				65C6578C2C7969C200E0EEFA /* Frameworks */,
				65C6578D2C7969C200E0EEFA /* Resources */,
			);
			buildRules = (
			);
			dependencies = (
				65C657912C7969C200E0EEFA /* PBXTargetDependency */,
			);
			name = CalculatorTests;
			productName = CalculatorTests;
			productReference = 65C6578F2C7969C200E0EEFA /* CalculatorTests.xctest */;
			productType = "com.apple.product-type.bundle.unit-test";
		};
		65C657982C7969C200E0EEFA /* CalculatorUITests */ = {
			isa = PBXNativeTarget;
			buildConfigurationList = 65C657A92C7969C200E0EEFA /* Build configuration list for PBXNativeTarget "CalculatorUITests" */;
			buildPhases = (
				65C657952C7969C200E0EEFA /* Sources */,
				65C657962C7969C200E0EEFA /* Frameworks */,
				65C657972C7969C200E0EEFA /* Resources */,
			);
			buildRules = (
			);
			dependencies = (
				65C6579B2C7969C200E0EEFA /* PBXTargetDependency */,
			);
			name = CalculatorUITests;
			productName = CalculatorUITests;
			productReference = 65C657992C7969C200E0EEFA /* CalculatorUITests.xctest */;
			productType = "com.apple.product-type.bundle.ui-testing";
		};
/* End PBXNativeTarget section */

/* Begin PBXProject section */
		65C657712C7969C100E0EEFA /* Project object */ = {
			isa = PBXProject;
			attributes = {
				BuildIndependentTargetsInParallel = 1;
				LastSwiftUpdateCheck = 1530;
				LastUpgradeCheck = 1530;
				TargetAttributes = {
					65C657782C7969C100E0EEFA = {
						CreatedOnToolsVersion = 15.3;
					};
					65C6578E2C7969C200E0EEFA = {
						CreatedOnToolsVersion = 15.3;
						TestTargetID = 65C657782C7969C100E0EEFA;
					};
					65C657982C7969C200E0EEFA = {
						CreatedOnToolsVersion = 15.3;
						TestTargetID = 65C657782C7969C100E0EEFA;
					};
				};
			};
			buildConfigurationList = 65C657742C7969C100E0EEFA /* Build configuration list for PBXProject "Calculator" */;
			compatibilityVersion = "Xcode 14.0";
			developmentRegion = en;
			hasScannedForEncodings = 0;
			knownRegions = (
				en,
				Base,
			);
			mainGroup = 65C657702C7969C100E0EEFA;
			productRefGroup = 65C6577A2C7969C100E0EEFA /* Products */;
			projectDirPath = "";
			projectRoot = "";
			targets = (
				65C657782C7969C100E0EEFA /* Calculator */,
				65C6578E2C7969C200E0EEFA /* CalculatorTests */,
				65C657982C7969C200E0EEFA /* CalculatorUITests */,
			);
		};
/* End PBXProject section */

/* Begin PBXResourcesBuildPhase section */
		65C657772C7969C100E0EEFA /* Resources */ = {
			isa = PBXResourcesBuildPhase;
			buildActionMask = 2147483647;
			files = (
				65C657862C7969C200E0EEFA /* Assets.xcassets in Resources */,
				65C657892C7969C200E0EEFA /* Base in Resources */,
			);
			runOnlyForDeploymentPostprocessing = 0;
		};
		65C6578D2C7969C200E0EEFA /* Resources */ = {
			isa = PBXResourcesBuildPhase;
			buildActionMask = 2147483647;
			files = (
			);
			runOnlyForDeploymentPostprocessing = 0;
		};
		65C657972C7969C200E0EEFA /* Resources */ = {
			isa = PBXResourcesBuildPhase;
			buildActionMask = 2147483647;
			files = (
			);
			runOnlyForDeploymentPostprocessing = 0;
		};
/* End PBXResourcesBuildPhase section */

/* Begin PBXSourcesBuildPhase section */
		65C657752C7969C100E0EEFA /* Sources */ = {
			isa = PBXSourcesBuildPhase;
			buildActionMask = 2147483647;
			files = (
				653A71272C7A04850077A6C3 /* CalculatorButtonView.swift in Sources */,
				65C657B42C7973CD00E0EEFA /* CalculatorView.swift in Sources */,
				65C6577D2C7969C100E0EEFA /* AppDelegate.swift in Sources */,
				65C657B12C796F5900E0EEFA /* CalculatorViewController.swift in Sources */,
				65C6577F2C7969C100E0EEFA /* SceneDelegate.swift in Sources */,
			);
			runOnlyForDeploymentPostprocessing = 0;
		};
		65C6578B2C7969C200E0EEFA /* Sources */ = {
			isa = PBXSourcesBuildPhase;
			buildActionMask = 2147483647;
			files = (
				65C657942C7969C200E0EEFA /* CalculatorTests.swift in Sources */,
			);
			runOnlyForDeploymentPostprocessing = 0;
		};
		65C657952C7969C200E0EEFA /* Sources */ = {
			isa = PBXSourcesBuildPhase;
			buildActionMask = 2147483647;
			files = (
				65C657A02C7969C200E0EEFA /* CalculatorUITestsLaunchTests.swift in Sources */,
				65C6579E2C7969C200E0EEFA /* CalculatorUITests.swift in Sources */,
			);
			runOnlyForDeploymentPostprocessing = 0;
		};
/* End PBXSourcesBuildPhase section */

/* Begin PBXTargetDependency section */
		65C657912C7969C200E0EEFA /* PBXTargetDependency */ = {
			isa = PBXTargetDependency;
			target = 65C657782C7969C100E0EEFA /* Calculator */;
			targetProxy = 65C657902C7969C200E0EEFA /* PBXContainerItemProxy */;
		};
		65C6579B2C7969C200E0EEFA /* PBXTargetDependency */ = {
			isa = PBXTargetDependency;
			target = 65C657782C7969C100E0EEFA /* Calculator */;
			targetProxy = 65C6579A2C7969C200E0EEFA /* PBXContainerItemProxy */;
		};
/* End PBXTargetDependency section */

/* Begin PBXVariantGroup section */
		65C657872C7969C200E0EEFA /* LaunchScreen.storyboard */ = {
			isa = PBXVariantGroup;
			children = (
				65C657882C7969C200E0EEFA /* Base */,
			);
			name = LaunchScreen.storyboard;
			sourceTree = "<group>";
		};
/* End PBXVariantGroup section */

/* Begin XCBuildConfiguration section */
		65C657A12C7969C200E0EEFA /* Debug */ = {
			isa = XCBuildConfiguration;
			buildSettings = {
				ALWAYS_SEARCH_USER_PATHS = NO;
				ASSETCATALOG_COMPILER_GENERATE_SWIFT_ASSET_SYMBOL_EXTENSIONS = YES;
				CLANG_ANALYZER_NONNULL = YES;
				CLANG_ANALYZER_NUMBER_OBJECT_CONVERSION = YES_AGGRESSIVE;
				CLANG_CXX_LANGUAGE_STANDARD = "gnu++20";
				CLANG_ENABLE_MODULES = YES;
				CLANG_ENABLE_OBJC_ARC = YES;
				CLANG_ENABLE_OBJC_WEAK = YES;
				CLANG_WARN_BLOCK_CAPTURE_AUTORELEASING = YES;
				CLANG_WARN_BOOL_CONVERSION = YES;
				CLANG_WARN_COMMA = YES;
				CLANG_WARN_CONSTANT_CONVERSION = YES;
				CLANG_WARN_DEPRECATED_OBJC_IMPLEMENTATIONS = YES;
				CLANG_WARN_DIRECT_OBJC_ISA_USAGE = YES_ERROR;
				CLANG_WARN_DOCUMENTATION_COMMENTS = YES;
				CLANG_WARN_EMPTY_BODY = YES;
				CLANG_WARN_ENUM_CONVERSION = YES;
				CLANG_WARN_INFINITE_RECURSION = YES;
				CLANG_WARN_INT_CONVERSION = YES;
				CLANG_WARN_NON_LITERAL_NULL_CONVERSION = YES;
				CLANG_WARN_OBJC_IMPLICIT_RETAIN_SELF = YES;
				CLANG_WARN_OBJC_LITERAL_CONVERSION = YES;
				CLANG_WARN_OBJC_ROOT_CLASS = YES_ERROR;
				CLANG_WARN_QUOTED_INCLUDE_IN_FRAMEWORK_HEADER = YES;
				CLANG_WARN_RANGE_LOOP_ANALYSIS = YES;
				CLANG_WARN_STRICT_PROTOTYPES = YES;
				CLANG_WARN_SUSPICIOUS_MOVE = YES;
				CLANG_WARN_UNGUARDED_AVAILABILITY = YES_AGGRESSIVE;
				CLANG_WARN_UNREACHABLE_CODE = YES;
				CLANG_WARN__DUPLICATE_METHOD_MATCH = YES;
				COPY_PHASE_STRIP = NO;
				DEBUG_INFORMATION_FORMAT = dwarf;
				ENABLE_STRICT_OBJC_MSGSEND = YES;
				ENABLE_TESTABILITY = YES;
				ENABLE_USER_SCRIPT_SANDBOXING = YES;
				GCC_C_LANGUAGE_STANDARD = gnu17;
				GCC_DYNAMIC_NO_PIC = NO;
				GCC_NO_COMMON_BLOCKS = YES;
				GCC_OPTIMIZATION_LEVEL = 0;
				GCC_PREPROCESSOR_DEFINITIONS = (
					"DEBUG=1",
					"$(inherited)",
				);
				GCC_WARN_64_TO_32_BIT_CONVERSION = YES;
				GCC_WARN_ABOUT_RETURN_TYPE = YES_ERROR;
				GCC_WARN_UNDECLARED_SELECTOR = YES;
				GCC_WARN_UNINITIALIZED_AUTOS = YES_AGGRESSIVE;
				GCC_WARN_UNUSED_FUNCTION = YES;
				GCC_WARN_UNUSED_VARIABLE = YES;
				IPHONEOS_DEPLOYMENT_TARGET = 17.4;
				LOCALIZATION_PREFERS_STRING_CATALOGS = YES;
				MTL_ENABLE_DEBUG_INFO = INCLUDE_SOURCE;
				MTL_FAST_MATH = YES;
				ONLY_ACTIVE_ARCH = YES;
				SDKROOT = iphoneos;
				SWIFT_ACTIVE_COMPILATION_CONDITIONS = "DEBUG $(inherited)";
				SWIFT_OPTIMIZATION_LEVEL = "-Onone";
			};
			name = Debug;
		};
		65C657A22C7969C200E0EEFA /* Release */ = {
			isa = XCBuildConfiguration;
			buildSettings = {
				ALWAYS_SEARCH_USER_PATHS = NO;
				ASSETCATALOG_COMPILER_GENERATE_SWIFT_ASSET_SYMBOL_EXTENSIONS = YES;
				CLANG_ANALYZER_NONNULL = YES;
				CLANG_ANALYZER_NUMBER_OBJECT_CONVERSION = YES_AGGRESSIVE;
				CLANG_CXX_LANGUAGE_STANDARD = "gnu++20";
				CLANG_ENABLE_MODULES = YES;
				CLANG_ENABLE_OBJC_ARC = YES;
				CLANG_ENABLE_OBJC_WEAK = YES;
				CLANG_WARN_BLOCK_CAPTURE_AUTORELEASING = YES;
				CLANG_WARN_BOOL_CONVERSION = YES;
				CLANG_WARN_COMMA = YES;
				CLANG_WARN_CONSTANT_CONVERSION = YES;
				CLANG_WARN_DEPRECATED_OBJC_IMPLEMENTATIONS = YES;
				CLANG_WARN_DIRECT_OBJC_ISA_USAGE = YES_ERROR;
				CLANG_WARN_DOCUMENTATION_COMMENTS = YES;
				CLANG_WARN_EMPTY_BODY = YES;
				CLANG_WARN_ENUM_CONVERSION = YES;
				CLANG_WARN_INFINITE_RECURSION = YES;
				CLANG_WARN_INT_CONVERSION = YES;
				CLANG_WARN_NON_LITERAL_NULL_CONVERSION = YES;
				CLANG_WARN_OBJC_IMPLICIT_RETAIN_SELF = YES;
				CLANG_WARN_OBJC_LITERAL_CONVERSION = YES;
				CLANG_WARN_OBJC_ROOT_CLASS = YES_ERROR;
				CLANG_WARN_QUOTED_INCLUDE_IN_FRAMEWORK_HEADER = YES;
				CLANG_WARN_RANGE_LOOP_ANALYSIS = YES;
				CLANG_WARN_STRICT_PROTOTYPES = YES;
				CLANG_WARN_SUSPICIOUS_MOVE = YES;
				CLANG_WARN_UNGUARDED_AVAILABILITY = YES_AGGRESSIVE;
				CLANG_WARN_UNREACHABLE_CODE = YES;
				CLANG_WARN__DUPLICATE_METHOD_MATCH = YES;
				COPY_PHASE_STRIP = NO;
				DEBUG_INFORMATION_FORMAT = "dwarf-with-dsym";
				ENABLE_NS_ASSERTIONS = NO;
				ENABLE_STRICT_OBJC_MSGSEND = YES;
				ENABLE_USER_SCRIPT_SANDBOXING = YES;
				GCC_C_LANGUAGE_STANDARD = gnu17;
				GCC_NO_COMMON_BLOCKS = YES;
				GCC_WARN_64_TO_32_BIT_CONVERSION = YES;
				GCC_WARN_ABOUT_RETURN_TYPE = YES_ERROR;
				GCC_WARN_UNDECLARED_SELECTOR = YES;
				GCC_WARN_UNINITIALIZED_AUTOS = YES_AGGRESSIVE;
				GCC_WARN_UNUSED_FUNCTION = YES;
				GCC_WARN_UNUSED_VARIABLE = YES;
				IPHONEOS_DEPLOYMENT_TARGET = 17.4;
				LOCALIZATION_PREFERS_STRING_CATALOGS = YES;
				MTL_ENABLE_DEBUG_INFO = NO;
				MTL_FAST_MATH = YES;
				SDKROOT = iphoneos;
				SWIFT_COMPILATION_MODE = wholemodule;
				VALIDATE_PRODUCT = YES;
			};
			name = Release;
		};
		65C657A42C7969C200E0EEFA /* Debug */ = {
			isa = XCBuildConfiguration;
			buildSettings = {
				ASSETCATALOG_COMPILER_APPICON_NAME = AppIcon;
				ASSETCATALOG_COMPILER_GLOBAL_ACCENT_COLOR_NAME = AccentColor;
				CODE_SIGN_STYLE = Automatic;
				CURRENT_PROJECT_VERSION = 1;
				DEVELOPMENT_TEAM = 64A7899SWN;
				GENERATE_INFOPLIST_FILE = YES;
				INFOPLIST_FILE = Calculator/Info.plist;
				INFOPLIST_KEY_UIApplicationSupportsIndirectInputEvents = YES;
				INFOPLIST_KEY_UILaunchStoryboardName = LaunchScreen;
				INFOPLIST_KEY_UISupportedInterfaceOrientations_iPad = "UIInterfaceOrientationPortrait UIInterfaceOrientationPortraitUpsideDown UIInterfaceOrientationLandscapeLeft UIInterfaceOrientationLandscapeRight";
				INFOPLIST_KEY_UISupportedInterfaceOrientations_iPhone = "UIInterfaceOrientationPortrait UIInterfaceOrientationLandscapeLeft UIInterfaceOrientationLandscapeRight";
				LD_RUNPATH_SEARCH_PATHS = (
					"$(inherited)",
					"@executable_path/Frameworks",
				);
				MARKETING_VERSION = 1.0;
				PRODUCT_BUNDLE_IDENTIFIER = com.gustech.Calculator;
				PRODUCT_NAME = "$(TARGET_NAME)";
				SWIFT_EMIT_LOC_STRINGS = YES;
				SWIFT_VERSION = 5.0;
				TARGETED_DEVICE_FAMILY = "1,2";
			};
			name = Debug;
		};
		65C657A52C7969C200E0EEFA /* Release */ = {
			isa = XCBuildConfiguration;
			buildSettings = {
				ASSETCATALOG_COMPILER_APPICON_NAME = AppIcon;
				ASSETCATALOG_COMPILER_GLOBAL_ACCENT_COLOR_NAME = AccentColor;
				CODE_SIGN_STYLE = Automatic;
				CURRENT_PROJECT_VERSION = 1;
				DEVELOPMENT_TEAM = 64A7899SWN;
				GENERATE_INFOPLIST_FILE = YES;
				INFOPLIST_FILE = Calculator/Info.plist;
				INFOPLIST_KEY_UIApplicationSupportsIndirectInputEvents = YES;
				INFOPLIST_KEY_UILaunchStoryboardName = LaunchScreen;
				INFOPLIST_KEY_UISupportedInterfaceOrientations_iPad = "UIInterfaceOrientationPortrait UIInterfaceOrientationPortraitUpsideDown UIInterfaceOrientationLandscapeLeft UIInterfaceOrientationLandscapeRight";
				INFOPLIST_KEY_UISupportedInterfaceOrientations_iPhone = "UIInterfaceOrientationPortrait UIInterfaceOrientationLandscapeLeft UIInterfaceOrientationLandscapeRight";
				LD_RUNPATH_SEARCH_PATHS = (
					"$(inherited)",
					"@executable_path/Frameworks",
				);
				MARKETING_VERSION = 1.0;
				PRODUCT_BUNDLE_IDENTIFIER = com.gustech.Calculator;
				PRODUCT_NAME = "$(TARGET_NAME)";
				SWIFT_EMIT_LOC_STRINGS = YES;
				SWIFT_VERSION = 5.0;
				TARGETED_DEVICE_FAMILY = "1,2";
			};
			name = Release;
		};
		65C657A72C7969C200E0EEFA /* Debug */ = {
			isa = XCBuildConfiguration;
			buildSettings = {
				ALWAYS_EMBED_SWIFT_STANDARD_LIBRARIES = YES;
				BUNDLE_LOADER = "$(TEST_HOST)";
				CODE_SIGN_STYLE = Automatic;
				CURRENT_PROJECT_VERSION = 1;
				DEVELOPMENT_TEAM = 64A7899SWN;
				GENERATE_INFOPLIST_FILE = YES;
				IPHONEOS_DEPLOYMENT_TARGET = 17.4;
				MARKETING_VERSION = 1.0;
				PRODUCT_BUNDLE_IDENTIFIER = com.gustech.CalculatorTests;
				PRODUCT_NAME = "$(TARGET_NAME)";
				SWIFT_EMIT_LOC_STRINGS = NO;
				SWIFT_VERSION = 5.0;
				TARGETED_DEVICE_FAMILY = "1,2";
				TEST_HOST = "$(BUILT_PRODUCTS_DIR)/Calculator.app/$(BUNDLE_EXECUTABLE_FOLDER_PATH)/Calculator";
			};
			name = Debug;
		};
		65C657A82C7969C200E0EEFA /* Release */ = {
			isa = XCBuildConfiguration;
			buildSettings = {
				ALWAYS_EMBED_SWIFT_STANDARD_LIBRARIES = YES;
				BUNDLE_LOADER = "$(TEST_HOST)";
				CODE_SIGN_STYLE = Automatic;
				CURRENT_PROJECT_VERSION = 1;
				DEVELOPMENT_TEAM = 64A7899SWN;
				GENERATE_INFOPLIST_FILE = YES;
				IPHONEOS_DEPLOYMENT_TARGET = 17.4;
				MARKETING_VERSION = 1.0;
				PRODUCT_BUNDLE_IDENTIFIER = com.gustech.CalculatorTests;
				PRODUCT_NAME = "$(TARGET_NAME)";
				SWIFT_EMIT_LOC_STRINGS = NO;
				SWIFT_VERSION = 5.0;
				TARGETED_DEVICE_FAMILY = "1,2";
				TEST_HOST = "$(BUILT_PRODUCTS_DIR)/Calculator.app/$(BUNDLE_EXECUTABLE_FOLDER_PATH)/Calculator";
			};
			name = Release;
		};
		65C657AA2C7969C200E0EEFA /* Debug */ = {
			isa = XCBuildConfiguration;
			buildSettings = {
				ALWAYS_EMBED_SWIFT_STANDARD_LIBRARIES = YES;
				CODE_SIGN_STYLE = Automatic;
				CURRENT_PROJECT_VERSION = 1;
				DEVELOPMENT_TEAM = 64A7899SWN;
				GENERATE_INFOPLIST_FILE = YES;
				MARKETING_VERSION = 1.0;
				PRODUCT_BUNDLE_IDENTIFIER = com.gustech.CalculatorUITests;
				PRODUCT_NAME = "$(TARGET_NAME)";
				SWIFT_EMIT_LOC_STRINGS = NO;
				SWIFT_VERSION = 5.0;
				TARGETED_DEVICE_FAMILY = "1,2";
				TEST_TARGET_NAME = Calculator;
			};
			name = Debug;
		};
		65C657AB2C7969C200E0EEFA /* Release */ = {
			isa = XCBuildConfiguration;
			buildSettings = {
				ALWAYS_EMBED_SWIFT_STANDARD_LIBRARIES = YES;
				CODE_SIGN_STYLE = Automatic;
				CURRENT_PROJECT_VERSION = 1;
				DEVELOPMENT_TEAM = 64A7899SWN;
				GENERATE_INFOPLIST_FILE = YES;
				MARKETING_VERSION = 1.0;
				PRODUCT_BUNDLE_IDENTIFIER = com.gustech.CalculatorUITests;
				PRODUCT_NAME = "$(TARGET_NAME)";
				SWIFT_EMIT_LOC_STRINGS = NO;
				SWIFT_VERSION = 5.0;
				TARGETED_DEVICE_FAMILY = "1,2";
				TEST_TARGET_NAME = Calculator;
			};
			name = Release;
		};
/* End XCBuildConfiguration section */

/* Begin XCConfigurationList section */
		65C657742C7969C100E0EEFA /* Build configuration list for PBXProject "Calculator" */ = {
			isa = XCConfigurationList;
			buildConfigurations = (
				65C657A12C7969C200E0EEFA /* Debug */,
				65C657A22C7969C200E0EEFA /* Release */,
			);
			defaultConfigurationIsVisible = 0;
			defaultConfigurationName = Release;
		};
		65C657A32C7969C200E0EEFA /* Build configuration list for PBXNativeTarget "Calculator" */ = {
			isa = XCConfigurationList;
			buildConfigurations = (
				65C657A42C7969C200E0EEFA /* Debug */,
				65C657A52C7969C200E0EEFA /* Release */,
			);
			defaultConfigurationIsVisible = 0;
			defaultConfigurationName = Release;
		};
		65C657A62C7969C200E0EEFA /* Build configuration list for PBXNativeTarget "CalculatorTests" */ = {
			isa = XCConfigurationList;
			buildConfigurations = (
				65C657A72C7969C200E0EEFA /* Debug */,
				65C657A82C7969C200E0EEFA /* Release */,
			);
			defaultConfigurationIsVisible = 0;
			defaultConfigurationName = Release;
		};
		65C657A92C7969C200E0EEFA /* Build configuration list for PBXNativeTarget "CalculatorUITests" */ = {
			isa = XCConfigurationList;
			buildConfigurations = (
				65C657AA2C7969C200E0EEFA /* Debug */,
				65C657AB2C7969C200E0EEFA /* Release */,
			);
			defaultConfigurationIsVisible = 0;
			defaultConfigurationName = Release;
		};
/* End XCConfigurationList section */
	};
	rootObject = 65C657712C7969C100E0EEFA /* Project object */;
}
